// !$*UTF8*$!
{
	archiveVersion = 1;
	classes = {
	};
	objectVersion = 56;
	objects = {

/* Begin PBXBuildFile section */
		0D2543002BC829D100BDA7AD /* Phonebook_TestApp.swift in Sources */ = {isa = PBXBuildFile; fileRef = 0D2542FF2BC829D100BDA7AD /* Phonebook_TestApp.swift */; };
		0D2543022BC829D100BDA7AD /* ContentView.swift in Sources */ = {isa = PBXBuildFile; fileRef = 0D2543012BC829D100BDA7AD /* ContentView.swift */; };
		0D2543042BC829D200BDA7AD /* Assets.xcassets in Resources */ = {isa = PBXBuildFile; fileRef = 0D2543032BC829D200BDA7AD /* Assets.xcassets */; };
		0D2543072BC829D200BDA7AD /* Preview Assets.xcassets in Resources */ = {isa = PBXBuildFile; fileRef = 0D2543062BC829D200BDA7AD /* Preview Assets.xcassets */; };
		0D25430E2BC83AAF00BDA7AD /* TabBarView.swift in Sources */ = {isa = PBXBuildFile; fileRef = 0D25430D2BC83AAF00BDA7AD /* TabBarView.swift */; };
		0D2543102BC83B1800BDA7AD /* MainView.swift in Sources */ = {isa = PBXBuildFile; fileRef = 0D25430F2BC83B1800BDA7AD /* MainView.swift */; };
		0D2543122BC88CEA00BDA7AD /* ContactDetailView.swift in Sources */ = {isa = PBXBuildFile; fileRef = 0D2543112BC88CEA00BDA7AD /* ContactDetailView.swift */; };
		0D2543142BC88E7200BDA7AD /* AddContactView.swift in Sources */ = {isa = PBXBuildFile; fileRef = 0D2543132BC88E7200BDA7AD /* AddContactView.swift */; };
		0D2543162BC893C400BDA7AD /* ContactManager.swift in Sources */ = {isa = PBXBuildFile; fileRef = 0D2543152BC893C400BDA7AD /* ContactManager.swift */; };
/* End PBXBuildFile section */

/* Begin PBXFileReference section */
		0D2542FC2BC829D100BDA7AD /* Phonebook Test.app */ = {isa = PBXFileReference; explicitFileType = wrapper.application; includeInIndex = 0; path = "Phonebook Test.app"; sourceTree = BUILT_PRODUCTS_DIR; };
		0D2542FF2BC829D100BDA7AD /* Phonebook_TestApp.swift */ = {isa = PBXFileReference; lastKnownFileType = sourcecode.swift; path = Phonebook_TestApp.swift; sourceTree = "<group>"; };
		0D2543012BC829D100BDA7AD /* ContentView.swift */ = {isa = PBXFileReference; lastKnownFileType = sourcecode.swift; path = ContentView.swift; sourceTree = "<group>"; };
		0D2543032BC829D200BDA7AD /* Assets.xcassets */ = {isa = PBXFileReference; lastKnownFileType = folder.assetcatalog; path = Assets.xcassets; sourceTree = "<group>"; };
		0D2543062BC829D200BDA7AD /* Preview Assets.xcassets */ = {isa = PBXFileReference; lastKnownFileType = folder.assetcatalog; path = "Preview Assets.xcassets"; sourceTree = "<group>"; };
		0D25430D2BC83AAF00BDA7AD /* TabBarView.swift */ = {isa = PBXFileReference; lastKnownFileType = sourcecode.swift; path = TabBarView.swift; sourceTree = "<group>"; };
		0D25430F2BC83B1800BDA7AD /* MainView.swift */ = {isa = PBXFileReference; lastKnownFileType = sourcecode.swift; path = MainView.swift; sourceTree = "<group>"; };
		0D2543112BC88CEA00BDA7AD /* ContactDetailView.swift */ = {isa = PBXFileReference; lastKnownFileType = sourcecode.swift; path = ContactDetailView.swift; sourceTree = "<group>"; };
		0D2543132BC88E7200BDA7AD /* AddContactView.swift */ = {isa = PBXFileReference; lastKnownFileType = sourcecode.swift; path = AddContactView.swift; sourceTree = "<group>"; };
		0D2543152BC893C400BDA7AD /* ContactManager.swift */ = {isa = PBXFileReference; lastKnownFileType = sourcecode.swift; path = ContactManager.swift; sourceTree = "<group>"; };
/* End PBXFileReference section */

/* Begin PBXFrameworksBuildPhase section */
		0D2542F92BC829D100BDA7AD /* Frameworks */ = {
			isa = PBXFrameworksBuildPhase;
			buildActionMask = 2147483647;
			files = (
			);
			runOnlyForDeploymentPostprocessing = 0;
		};
/* End PBXFrameworksBuildPhase section */

/* Begin PBXGroup section */
		0D2542F32BC829D100BDA7AD = {
			isa = PBXGroup;
			children = (
				0D2542FE2BC829D100BDA7AD /* Phonebook Test */,
				0D2542FD2BC829D100BDA7AD /* Products */,
			);
			sourceTree = "<group>";
		};
		0D2542FD2BC829D100BDA7AD /* Products */ = {
			isa = PBXGroup;
			children = (
				0D2542FC2BC829D100BDA7AD /* Phonebook Test.app */,
			);
			name = Products;
			sourceTree = "<group>";
		};
		0D2542FE2BC829D100BDA7AD /* Phonebook Test */ = {
			isa = PBXGroup;
			children = (
				0D2542FF2BC829D100BDA7AD /* Phonebook_TestApp.swift */,
				0D2543012BC829D100BDA7AD /* ContentView.swift */,
				0D25430D2BC83AAF00BDA7AD /* TabBarView.swift */,
				0D25430F2BC83B1800BDA7AD /* MainView.swift */,
				0D2543112BC88CEA00BDA7AD /* ContactDetailView.swift */,
				0D2543132BC88E7200BDA7AD /* AddContactView.swift */,
				0D2543152BC893C400BDA7AD /* ContactManager.swift */,
				0D2543032BC829D200BDA7AD /* Assets.xcassets */,
				0D2543052BC829D200BDA7AD /* Preview Content */,
			);
			path = "Phonebook Test";
			sourceTree = "<group>";
		};
		0D2543052BC829D200BDA7AD /* Preview Content */ = {
			isa = PBXGroup;
			children = (
				0D2543062BC829D200BDA7AD /* Preview Assets.xcassets */,
			);
			path = "Preview Content";
			sourceTree = "<group>";
		};
/* End PBXGroup section */

/* Begin PBXNativeTarget section */
		0D2542FB2BC829D100BDA7AD /* Phonebook Test */ = {
			isa = PBXNativeTarget;
			buildConfigurationList = 0D25430A2BC829D200BDA7AD /* Build configuration list for PBXNativeTarget "Phonebook Test" */;
			buildPhases = (
				0D2542F82BC829D100BDA7AD /* Sources */,
				0D2542F92BC829D100BDA7AD /* Frameworks */,
				0D2542FA2BC829D100BDA7AD /* Resources */,
			);
			buildRules = (
			);
			dependencies = (
			);
			name = "Phonebook Test";
			productName = "Phonebook Test";
			productReference = 0D2542FC2BC829D100BDA7AD /* Phonebook Test.app */;
			productType = "com.apple.product-type.application";
		};
/* End PBXNativeTarget section */

/* Begin PBXProject section */
		0D2542F42BC829D100BDA7AD /* Project object */ = {
			isa = PBXProject;
			attributes = {
				BuildIndependentTargetsInParallel = 1;
				LastSwiftUpdateCheck = 1500;
				LastUpgradeCheck = 1500;
				TargetAttributes = {
					0D2542FB2BC829D100BDA7AD = {
						CreatedOnToolsVersion = 15.0.1;
					};
				};
			};
			buildConfigurationList = 0D2542F72BC829D100BDA7AD /* Build configuration list for PBXProject "Phonebook Test" */;
			compatibilityVersion = "Xcode 14.0";
			developmentRegion = en;
			hasScannedForEncodings = 0;
			knownRegions = (
				en,
				Base,
			);
			mainGroup = 0D2542F32BC829D100BDA7AD;
			productRefGroup = 0D2542FD2BC829D100BDA7AD /* Products */;
			projectDirPath = "";
			projectRoot = "";
			targets = (
				0D2542FB2BC829D100BDA7AD /* Phonebook Test */,
			);
		};
/* End PBXProject section */

/* Begin PBXResourcesBuildPhase section */
		0D2542FA2BC829D100BDA7AD /* Resources */ = {
			isa = PBXResourcesBuildPhase;
			buildActionMask = 2147483647;
			files = (
				0D2543072BC829D200BDA7AD /* Preview Assets.xcassets in Resources */,
				0D2543042BC829D200BDA7AD /* Assets.xcassets in Resources */,
			);
			runOnlyForDeploymentPostprocessing = 0;
		};
/* End PBXResourcesBuildPhase section */

/* Begin PBXSourcesBuildPhase section */
		0D2542F82BC829D100BDA7AD /* Sources */ = {
			isa = PBXSourcesBuildPhase;
			buildActionMask = 2147483647;
			files = (
				0D2543162BC893C400BDA7AD /* ContactManager.swift in Sources */,
				0D2543022BC829D100BDA7AD /* ContentView.swift in Sources */,
				0D2543102BC83B1800BDA7AD /* MainView.swift in Sources */,
				0D25430E2BC83AAF00BDA7AD /* TabBarView.swift in Sources */,
				0D2543142BC88E7200BDA7AD /* AddContactView.swift in Sources */,
				0D2543002BC829D100BDA7AD /* Phonebook_TestApp.swift in Sources */,
				0D2543122BC88CEA00BDA7AD /* ContactDetailView.swift in Sources */,
			);
			runOnlyForDeploymentPostprocessing = 0;
		};
/* End PBXSourcesBuildPhase section */

/* Begin XCBuildConfiguration section */
		0D2543082BC829D200BDA7AD /* Debug */ = {
			isa = XCBuildConfiguration;
			buildSettings = {
				ALWAYS_SEARCH_USER_PATHS = NO;
				ASSETCATALOG_COMPILER_GENERATE_SWIFT_ASSET_SYMBOL_EXTENSIONS = YES;
				CLANG_ANALYZER_NONNULL = YES;
				CLANG_ANALYZER_NUMBER_OBJECT_CONVERSION = YES_AGGRESSIVE;
				CLANG_CXX_LANGUAGE_STANDARD = "gnu++20";
				CLANG_ENABLE_MODULES = YES;
				CLANG_ENABLE_OBJC_ARC = YES;
				CLANG_ENABLE_OBJC_WEAK = YES;
				CLANG_WARN_BLOCK_CAPTURE_AUTORELEASING = YES;
				CLANG_WARN_BOOL_CONVERSION = YES;
				CLANG_WARN_COMMA = YES;
				CLANG_WARN_CONSTANT_CONVERSION = YES;
				CLANG_WARN_DEPRECATED_OBJC_IMPLEMENTATIONS = YES;
				CLANG_WARN_DIRECT_OBJC_ISA_USAGE = YES_ERROR;
				CLANG_WARN_DOCUMENTATION_COMMENTS = YES;
				CLANG_WARN_EMPTY_BODY = YES;
				CLANG_WARN_ENUM_CONVERSION = YES;
				CLANG_WARN_INFINITE_RECURSION = YES;
				CLANG_WARN_INT_CONVERSION = YES;
				CLANG_WARN_NON_LITERAL_NULL_CONVERSION = YES;
				CLANG_WARN_OBJC_IMPLICIT_RETAIN_SELF = YES;
				CLANG_WARN_OBJC_LITERAL_CONVERSION = YES;
				CLANG_WARN_OBJC_ROOT_CLASS = YES_ERROR;
				CLANG_WARN_QUOTED_INCLUDE_IN_FRAMEWORK_HEADER = YES;
				CLANG_WARN_RANGE_LOOP_ANALYSIS = YES;
				CLANG_WARN_STRICT_PROTOTYPES = YES;
				CLANG_WARN_SUSPICIOUS_MOVE = YES;
				CLANG_WARN_UNGUARDED_AVAILABILITY = YES_AGGRESSIVE;
				CLANG_WARN_UNREACHABLE_CODE = YES;
				CLANG_WARN__DUPLICATE_METHOD_MATCH = YES;
				COPY_PHASE_STRIP = NO;
				DEBUG_INFORMATION_FORMAT = dwarf;
				ENABLE_STRICT_OBJC_MSGSEND = YES;
				ENABLE_TESTABILITY = YES;
				ENABLE_USER_SCRIPT_SANDBOXING = YES;
				GCC_C_LANGUAGE_STANDARD = gnu17;
				GCC_DYNAMIC_NO_PIC = NO;
				GCC_NO_COMMON_BLOCKS = YES;
				GCC_OPTIMIZATION_LEVEL = 0;
				GCC_PREPROCESSOR_DEFINITIONS = (
					"DEBUG=1",
					"$(inherited)",
				);
				GCC_WARN_64_TO_32_BIT_CONVERSION = YES;
				GCC_WARN_ABOUT_RETURN_TYPE = YES_ERROR;
				GCC_WARN_UNDECLARED_SELECTOR = YES;
				GCC_WARN_UNINITIALIZED_AUTOS = YES_AGGRESSIVE;
				GCC_WARN_UNUSED_FUNCTION = YES;
				GCC_WARN_UNUSED_VARIABLE = YES;
				IPHONEOS_DEPLOYMENT_TARGET = 17.0;
				LOCALIZATION_PREFERS_STRING_CATALOGS = YES;
				MTL_ENABLE_DEBUG_INFO = INCLUDE_SOURCE;
				MTL_FAST_MATH = YES;
				ONLY_ACTIVE_ARCH = YES;
				SDKROOT = iphoneos;
				SWIFT_ACTIVE_COMPILATION_CONDITIONS = "DEBUG $(inherited)";
				SWIFT_OPTIMIZATION_LEVEL = "-Onone";
			};
			name = Debug;
		};
		0D2543092BC829D200BDA7AD /* Release */ = {
			isa = XCBuildConfiguration;
			buildSettings = {
				ALWAYS_SEARCH_USER_PATHS = NO;
				ASSETCATALOG_COMPILER_GENERATE_SWIFT_ASSET_SYMBOL_EXTENSIONS = YES;
				CLANG_ANALYZER_NONNULL = YES;
				CLANG_ANALYZER_NUMBER_OBJECT_CONVERSION = YES_AGGRESSIVE;
				CLANG_CXX_LANGUAGE_STANDARD = "gnu++20";
				CLANG_ENABLE_MODULES = YES;
				CLANG_ENABLE_OBJC_ARC = YES;
				CLANG_ENABLE_OBJC_WEAK = YES;
				CLANG_WARN_BLOCK_CAPTURE_AUTORELEASING = YES;
				CLANG_WARN_BOOL_CONVERSION = YES;
				CLANG_WARN_COMMA = YES;
				CLANG_WARN_CONSTANT_CONVERSION = YES;
				CLANG_WARN_DEPRECATED_OBJC_IMPLEMENTATIONS = YES;
				CLANG_WARN_DIRECT_OBJC_ISA_USAGE = YES_ERROR;
				CLANG_WARN_DOCUMENTATION_COMMENTS = YES;
				CLANG_WARN_EMPTY_BODY = YES;
				CLANG_WARN_ENUM_CONVERSION = YES;
				CLANG_WARN_INFINITE_RECURSION = YES;
				CLANG_WARN_INT_CONVERSION = YES;
				CLANG_WARN_NON_LITERAL_NULL_CONVERSION = YES;
				CLANG_WARN_OBJC_IMPLICIT_RETAIN_SELF = YES;
				CLANG_WARN_OBJC_LITERAL_CONVERSION = YES;
				CLANG_WARN_OBJC_ROOT_CLASS = YES_ERROR;
				CLANG_WARN_QUOTED_INCLUDE_IN_FRAMEWORK_HEADER = YES;
				CLANG_WARN_RANGE_LOOP_ANALYSIS = YES;
				CLANG_WARN_STRICT_PROTOTYPES = YES;
				CLANG_WARN_SUSPICIOUS_MOVE = YES;
				CLANG_WARN_UNGUARDED_AVAILABILITY = YES_AGGRESSIVE;
				CLANG_WARN_UNREACHABLE_CODE = YES;
				CLANG_WARN__DUPLICATE_METHOD_MATCH = YES;
				COPY_PHASE_STRIP = NO;
				DEBUG_INFORMATION_FORMAT = "dwarf-with-dsym";
				ENABLE_NS_ASSERTIONS = NO;
				ENABLE_STRICT_OBJC_MSGSEND = YES;
				ENABLE_USER_SCRIPT_SANDBOXING = YES;
				GCC_C_LANGUAGE_STANDARD = gnu17;
				GCC_NO_COMMON_BLOCKS = YES;
				GCC_WARN_64_TO_32_BIT_CONVERSION = YES;
				GCC_WARN_ABOUT_RETURN_TYPE = YES_ERROR;
				GCC_WARN_UNDECLARED_SELECTOR = YES;
				GCC_WARN_UNINITIALIZED_AUTOS = YES_AGGRESSIVE;
				GCC_WARN_UNUSED_FUNCTION = YES;
				GCC_WARN_UNUSED_VARIABLE = YES;
				IPHONEOS_DEPLOYMENT_TARGET = 17.0;
				LOCALIZATION_PREFERS_STRING_CATALOGS = YES;
				MTL_ENABLE_DEBUG_INFO = NO;
				MTL_FAST_MATH = YES;
				SDKROOT = iphoneos;
				SWIFT_COMPILATION_MODE = wholemodule;
				VALIDATE_PRODUCT = YES;
			};
			name = Release;
		};
		0D25430B2BC829D200BDA7AD /* Debug */ = {
			isa = XCBuildConfiguration;
			buildSettings = {
				ASSETCATALOG_COMPILER_APPICON_NAME = AppIcon;
				ASSETCATALOG_COMPILER_GLOBAL_ACCENT_COLOR_NAME = AccentColor;
				CODE_SIGN_STYLE = Automatic;
				CURRENT_PROJECT_VERSION = 1;
				DEVELOPMENT_ASSET_PATHS = "\"Phonebook Test/Preview Content\"";
				DEVELOPMENT_TEAM = R5NQD9HB5M;
				ENABLE_PREVIEWS = YES;
				GENERATE_INFOPLIST_FILE = YES;
				INFOPLIST_KEY_UIApplicationSceneManifest_Generation = YES;
				INFOPLIST_KEY_UIApplicationSupportsIndirectInputEvents = YES;
				INFOPLIST_KEY_UILaunchScreen_Generation = YES;
				INFOPLIST_KEY_UISupportedInterfaceOrientations_iPad = "UIInterfaceOrientationPortrait UIInterfaceOrientationPortraitUpsideDown UIInterfaceOrientationLandscapeLeft UIInterfaceOrientationLandscapeRight";
				INFOPLIST_KEY_UISupportedInterfaceOrientations_iPhone = "UIInterfaceOrientationPortrait UIInterfaceOrientationLandscapeLeft UIInterfaceOrientationLandscapeRight";
				LD_RUNPATH_SEARCH_PATHS = (
					"$(inherited)",
					"@executable_path/Frameworks",
				);
				MARKETING_VERSION = 1.0;
				PRODUCT_BUNDLE_IDENTIFIER = "com.besix.Phonebook-Test";
				PRODUCT_NAME = "$(TARGET_NAME)";
				SWIFT_EMIT_LOC_STRINGS = YES;
				SWIFT_VERSION = 5.0;
				TARGETED_DEVICE_FAMILY = "1,2";
			};
			name = Debug;
		};
		0D25430C2BC829D200BDA7AD /* Release */ = {
			isa = XCBuildConfiguration;
			buildSettings = {
				ASSETCATALOG_COMPILER_APPICON_NAME = AppIcon;
				ASSETCATALOG_COMPILER_GLOBAL_ACCENT_COLOR_NAME = AccentColor;
				CODE_SIGN_STYLE = Automatic;
				CURRENT_PROJECT_VERSION = 1;
				DEVELOPMENT_ASSET_PATHS = "\"Phonebook Test/Preview Content\"";
				DEVELOPMENT_TEAM = R5NQD9HB5M;
				ENABLE_PREVIEWS = YES;
				GENERATE_INFOPLIST_FILE = YES;
				INFOPLIST_KEY_UIApplicationSceneManifest_Generation = YES;
				INFOPLIST_KEY_UIApplicationSupportsIndirectInputEvents = YES;
				INFOPLIST_KEY_UILaunchScreen_Generation = YES;
				INFOPLIST_KEY_UISupportedInterfaceOrientations_iPad = "UIInterfaceOrientationPortrait UIInterfaceOrientationPortraitUpsideDown UIInterfaceOrientationLandscapeLeft UIInterfaceOrientationLandscapeRight";
				INFOPLIST_KEY_UISupportedInterfaceOrientations_iPhone = "UIInterfaceOrientationPortrait UIInterfaceOrientationLandscapeLeft UIInterfaceOrientationLandscapeRight";
				LD_RUNPATH_SEARCH_PATHS = (
					"$(inherited)",
					"@executable_path/Frameworks",
				);
				MARKETING_VERSION = 1.0;
				PRODUCT_BUNDLE_IDENTIFIER = "com.besix.Phonebook-Test";
				PRODUCT_NAME = "$(TARGET_NAME)";
				SWIFT_EMIT_LOC_STRINGS = YES;
				SWIFT_VERSION = 5.0;
				TARGETED_DEVICE_FAMILY = "1,2";
			};
			name = Release;
		};
/* End XCBuildConfiguration section */

/* Begin XCConfigurationList section */
		0D2542F72BC829D100BDA7AD /* Build configuration list for PBXProject "Phonebook Test" */ = {
			isa = XCConfigurationList;
			buildConfigurations = (
				0D2543082BC829D200BDA7AD /* Debug */,
				0D2543092BC829D200BDA7AD /* Release */,
			);
			defaultConfigurationIsVisible = 0;
			defaultConfigurationName = Release;
		};
		0D25430A2BC829D200BDA7AD /* Build configuration list for PBXNativeTarget "Phonebook Test" */ = {
			isa = XCConfigurationList;
			buildConfigurations = (
				0D25430B2BC829D200BDA7AD /* Debug */,
				0D25430C2BC829D200BDA7AD /* Release */,
			);
			defaultConfigurationIsVisible = 0;
			defaultConfigurationName = Release;
		};
/* End XCConfigurationList section */
	};
	rootObject = 0D2542F42BC829D100BDA7AD /* Project object */;
}
